
Microsoft Visual Studio Solution File, Format Version 12.00
# Visual Studio Version 17
VisualStudioVersion = 17.14.36511.14
MinimumVisualStudioVersion = 10.0.40219.1
Project("{2150E333-8FDC-42A3-9474-1A3956D46DE8}") = "Task0", "Task0", "{02EA681E-C7D8-13C7-8484-4AC65E1B71E8}"
EndProject
Project("{FAE04EC0-301F-11D3-BF4B-00C04F79EFBC}") = "Tyuiu.AristovaAK.Sprint4.Task0.V16", "Tyuiu.AristovaAK.Sprint4.Task0.V16\Tyuiu.AristovaAK.Sprint4.Task0.V16.csproj", "{A6D88576-B700-426F-BB42-07992077245F}"
EndProject
Project("{FAE04EC0-301F-11D3-BF4B-00C04F79EFBC}") = "Tyuiu.AristovaAK.Sprint4.Task0.V16.Test", "Tyuiu.AristovaAK.Sprint4.Task0.V16.Test\Tyuiu.AristovaAK.Sprint4.Task0.V16.Test.csproj", "{C6A4BE2C-6B72-4FCF-A079-77B3987BA7D4}"
EndProject
Project("{FAE04EC0-301F-11D3-BF4B-00C04F79EFBC}") = "Tyuiu.AristovaAK.Sprint4.Task0.V16.Lib", "Tyuiu.AristovaAK.Sprint4.Task0.V16.Lib\Tyuiu.AristovaAK.Sprint4.Task0.V16.Lib.csproj", "{839E5BF1-973F-4F95-8053-2DBF4F518BFD}"
EndProject
Project("{2150E333-8FDC-42A3-9474-1A3956D46DE8}") = "Task1", "Task1", "{A8DD1498-5102-467C-BD3C-E8018E7AB1DC}"
EndProject
Project("{FAE04EC0-301F-11D3-BF4B-00C04F79EFBC}") = "Tyuiu.AristovaAK.Sprint4.Task1.V18", "Tyuiu.AristovaAK.Sprint4.Task1.V18\Tyuiu.AristovaAK.Sprint4.Task1.V18.csproj", "{6B8CDA5F-5DDA-40FB-B1C9-9198C529B7A0}"
EndProject
Project("{FAE04EC0-301F-11D3-BF4B-00C04F79EFBC}") = "Tyuiu.AristovaAK.Sprint4.Task1.V18.Lib", "Tyuiu.AristovaAK.Sprint4.Task1.V18.Lib\Tyuiu.AristovaAK.Sprint4.Task1.V18.Lib.csproj", "{ADA87592-0915-453E-AE0D-80241075C312}"
EndProject
Project("{FAE04EC0-301F-11D3-BF4B-00C04F79EFBC}") = "Tyuiu.AristovaAK.Sprint4.Task1.V18.Test", "Tyuiu.AristovaAK.Sprint4.Task1.V18.Test\Tyuiu.AristovaAK.Sprint4.Task1.V18.Test.csproj", "{06B4C765-AFAB-4EFF-A2D9-5D3476AE1274}"
EndProject
Project("{2150E333-8FDC-42A3-9474-1A3956D46DE8}") = "Task2", "Task2", "{20B8C641-80F1-4218-822E-CFB39E8CC971}"
EndProject
Project("{FAE04EC0-301F-11D3-BF4B-00C04F79EFBC}") = "Tyuiu.AristovaAK.Sprint4.Task2.V5", "Tyuiu.AristovaAK.Sprint4.Task2.V5\Tyuiu.AristovaAK.Sprint4.Task2.V5.csproj", "{01938A7A-980B-4E0E-A1D6-EC015E99FC0D}"
EndProject
Project("{FAE04EC0-301F-11D3-BF4B-00C04F79EFBC}") = "Tyuiu.AristovaAK.Sprint4.Task2.V5.Test", "Tyuiu.AristovaAK.Sprint4.Task2.V5.Test\Tyuiu.AristovaAK.Sprint4.Task2.V5.Test.csproj", "{7364226E-E9FD-44DF-884F-A15DEC0A182A}"
EndProject
Project("{FAE04EC0-301F-11D3-BF4B-00C04F79EFBC}") = "Tyuiu.AristovaAK.Sprint4.Task2.V5.Lib", "Tyuiu.AristovaAK.Sprint4.Task2.V5.Lib\Tyuiu.AristovaAK.Sprint4.Task2.V5.Lib.csproj", "{705EF185-DB7E-42D1-B42C-48E74FCF9A94}"
EndProject
Project("{2150E333-8FDC-42A3-9474-1A3956D46DE8}") = "Task3", "Task3", "{EE0D11BE-A983-4CF2-8183-2E6BB6F7E928}"
EndProject
Project("{FAE04EC0-301F-11D3-BF4B-00C04F79EFBC}") = "Tyuiu.AristovaAK.Sprint4.Task3.V30", "Tyuiu.AristovaAK.Sprint4.Task3.V30\Tyuiu.AristovaAK.Sprint4.Task3.V30.csproj", "{32CA78B2-1670-476E-BC30-56F0A61072D0}"
EndProject
Project("{FAE04EC0-301F-11D3-BF4B-00C04F79EFBC}") = "Tyuiu.AristovaAK.Sprint4.Task3.V30.Lib", "Tyuiu.AristovaAK.Sprint4.Task3.V30.Lib\Tyuiu.AristovaAK.Sprint4.Task3.V30.Lib.csproj", "{E70E9606-19FE-4FF9-9EA6-8459ED56DEF9}"
EndProject
Project("{FAE04EC0-301F-11D3-BF4B-00C04F79EFBC}") = "Tyuiu.AristovaAK.Sprint4.Task3.V30.Test", "Tyuiu.AristovaAK.Sprint4.Task3.V30.Test\Tyuiu.AristovaAK.Sprint4.Task3.V30.Test.csproj", "{284BB86A-6260-4F50-B772-9EC8BFD02E3A}"
EndProject
Project("{2150E333-8FDC-42A3-9474-1A3956D46DE8}") = "Task4", "Task4", "{3E72C421-0526-4B88-9734-B64E68908F7A}"
EndProject
Project("{FAE04EC0-301F-11D3-BF4B-00C04F79EFBC}") = "Tyuiu.AristovaAK.Sprint4.Task4.V22", "Tyuiu.AristovaAK.Sprint4.Task4.V22\Tyuiu.AristovaAK.Sprint4.Task4.V22.csproj", "{27603628-C851-470C-AC59-2D609DF2E269}"
EndProject
Project("{FAE04EC0-301F-11D3-BF4B-00C04F79EFBC}") = "Tyuiu.AristovaAK.Sprint4.Task4.V22.Test", "Tyuiu.AristovaAK.Sprint4.Task4.V22.Test\Tyuiu.AristovaAK.Sprint4.Task4.V22.Test.csproj", "{EE5A7FF7-FE5E-4B7A-8C75-F9F6FC05A4DF}"
EndProject
Project("{FAE04EC0-301F-11D3-BF4B-00C04F79EFBC}") = "Tyuiu.AristovaAK.Sprint4.Task4.V22.Lib", "Tyuiu.AristovaAK.Sprint4.Task4.V22.Lib\Tyuiu.AristovaAK.Sprint4.Task4.V22.Lib.csproj", "{C506EA45-D485-45F2-A56F-07769FE7BCB7}"
EndProject
Project("{2150E333-8FDC-42A3-9474-1A3956D46DE8}") = "Task5", "Task5", "{0797F7FF-3253-40C3-9EE0-D9F9BD08105B}"
EndProject
Project("{FAE04EC0-301F-11D3-BF4B-00C04F79EFBC}") = "Tyuiu.AristovaAK.Sprint4.Task5.V28", "Tyuiu.AristovaAK.Sprint4.Task5.V28\Tyuiu.AristovaAK.Sprint4.Task5.V28.csproj", "{0B53FEA0-9284-44A8-952E-BD690C9BF2E4}"
EndProject
Project("{FAE04EC0-301F-11D3-BF4B-00C04F79EFBC}") = "Tyuiu.AristovaAK.Sprint4.Task5.V28.Lib", "Tyuiu.AristovaAK.Sprint4.Task5.V28.Lib\Tyuiu.AristovaAK.Sprint4.Task5.V28.Lib.csproj", "{1D82F2A1-2397-4531-B703-453EBC01CFC8}"
EndProject
Project("{FAE04EC0-301F-11D3-BF4B-00C04F79EFBC}") = "Tyuiu.AristovaAK.Sprint4.Task5.V28.Test", "Tyuiu.AristovaAK.Sprint4.Task5.V28.Test\Tyuiu.AristovaAK.Sprint4.Task5.V28.Test.csproj", "{328DA88E-D8B6-4047-AE28-07905CE9B945}"
EndProject
Project("{2150E333-8FDC-42A3-9474-1A3956D46DE8}") = "Task6", "Task6", "{88A48047-8638-4FC2-B522-B7198A16BC0B}"
EndProject
Project("{FAE04EC0-301F-11D3-BF4B-00C04F79EFBC}") = "Tyuiu.AristovaAK.Sprint4.Task6.V5", "Tyuiu.AristovaAK.Sprint4.Task6.V5\Tyuiu.AristovaAK.Sprint4.Task6.V5.csproj", "{23128087-EF84-4144-B2C7-3635CBDA5199}"
EndProject
Project("{FAE04EC0-301F-11D3-BF4B-00C04F79EFBC}") = "Tyuiu.AristovaAK.Sprint4.Task6.V5.Test", "Tyuiu.AristovaAK.Sprint4.Task6.V5.Test\Tyuiu.AristovaAK.Sprint4.Task6.V5.Test.csproj", "{84992F8D-5CBD-4662-BBA4-E09F4EABE3DE}"
EndProject
Project("{FAE04EC0-301F-11D3-BF4B-00C04F79EFBC}") = "Tyuiu.AristovaAK.Sprint4.Task6.V5.Lib", "Tyuiu.AristovaAK.Sprint4.Task6.V5.Lib\Tyuiu.AristovaAK.Sprint4.Task6.V5.Lib.csproj", "{A3229FA7-CD61-4454-862D-8D4D7866D11A}"
EndProject
Project("{2150E333-8FDC-42A3-9474-1A3956D46DE8}") = "Task7", "Task7", "{5BA4504C-DC57-4A52-BA0C-E88FD35ED656}"
EndProject
Project("{FAE04EC0-301F-11D3-BF4B-00C04F79EFBC}") = "Tyuiu.AristovaAK.Sprint4.Task7.V11", "Tyuiu.AristovaAK.Sprint4.Task7.V11\Tyuiu.AristovaAK.Sprint4.Task7.V11.csproj", "{7712CB26-4FC8-40C7-A5DD-166A24BF941E}"
EndProject
Project("{FAE04EC0-301F-11D3-BF4B-00C04F79EFBC}") = "Tyuiu.AristovaAK.Sprint4.Task7.V11.Lib", "Tyuiu.AristovaAK.Sprint4.Task7.V11.Lib\Tyuiu.AristovaAK.Sprint4.Task7.V11.Lib.csproj", "{37D322A3-8A40-42AC-8EDA-0CE6ADD00289}"
EndProject
Project("{FAE04EC0-301F-11D3-BF4B-00C04F79EFBC}") = "Tyuiu.AristovaAK.Sprint4.Task7.V11.Test", "Tyuiu.AristovaAK.Sprint4.Task7.V11.Test\Tyuiu.AristovaAK.Sprint4.Task7.V11.Test.csproj", "{B61A9175-DC8A-44A5-BEA6-FB5329F91EBD}"
EndProject
Global
	GlobalSection(SolutionConfigurationPlatforms) = preSolution
		Debug|Any CPU = Debug|Any CPU
		Release|Any CPU = Release|Any CPU
	EndGlobalSection
	GlobalSection(ProjectConfigurationPlatforms) = postSolution
		{A6D88576-B700-426F-BB42-07992077245F}.Debug|Any CPU.ActiveCfg = Debug|Any CPU
		{A6D88576-B700-426F-BB42-07992077245F}.Debug|Any CPU.Build.0 = Debug|Any CPU
		{A6D88576-B700-426F-BB42-07992077245F}.Release|Any CPU.ActiveCfg = Release|Any CPU
		{A6D88576-B700-426F-BB42-07992077245F}.Release|Any CPU.Build.0 = Release|Any CPU
		{C6A4BE2C-6B72-4FCF-A079-77B3987BA7D4}.Debug|Any CPU.ActiveCfg = Debug|Any CPU
		{C6A4BE2C-6B72-4FCF-A079-77B3987BA7D4}.Debug|Any CPU.Build.0 = Debug|Any CPU
		{C6A4BE2C-6B72-4FCF-A079-77B3987BA7D4}.Release|Any CPU.ActiveCfg = Release|Any CPU
		{C6A4BE2C-6B72-4FCF-A079-77B3987BA7D4}.Release|Any CPU.Build.0 = Release|Any CPU
		{839E5BF1-973F-4F95-8053-2DBF4F518BFD}.Debug|Any CPU.ActiveCfg = Debug|Any CPU
		{839E5BF1-973F-4F95-8053-2DBF4F518BFD}.Debug|Any CPU.Build.0 = Debug|Any CPU
		{839E5BF1-973F-4F95-8053-2DBF4F518BFD}.Release|Any CPU.ActiveCfg = Release|Any CPU
		{839E5BF1-973F-4F95-8053-2DBF4F518BFD}.Release|Any CPU.Build.0 = Release|Any CPU
		{6B8CDA5F-5DDA-40FB-B1C9-9198C529B7A0}.Debug|Any CPU.ActiveCfg = Debug|Any CPU
		{6B8CDA5F-5DDA-40FB-B1C9-9198C529B7A0}.Debug|Any CPU.Build.0 = Debug|Any CPU
		{6B8CDA5F-5DDA-40FB-B1C9-9198C529B7A0}.Release|Any CPU.ActiveCfg = Release|Any CPU
		{6B8CDA5F-5DDA-40FB-B1C9-9198C529B7A0}.Release|Any CPU.Build.0 = Release|Any CPU
		{ADA87592-0915-453E-AE0D-80241075C312}.Debug|Any CPU.ActiveCfg = Debug|Any CPU
		{ADA87592-0915-453E-AE0D-80241075C312}.Debug|Any CPU.Build.0 = Debug|Any CPU
		{ADA87592-0915-453E-AE0D-80241075C312}.Release|Any CPU.ActiveCfg = Release|Any CPU
		{ADA87592-0915-453E-AE0D-80241075C312}.Release|Any CPU.Build.0 = Release|Any CPU
		{06B4C765-AFAB-4EFF-A2D9-5D3476AE1274}.Debug|Any CPU.ActiveCfg = Debug|Any CPU
		{06B4C765-AFAB-4EFF-A2D9-5D3476AE1274}.Debug|Any CPU.Build.0 = Debug|Any CPU
		{06B4C765-AFAB-4EFF-A2D9-5D3476AE1274}.Release|Any CPU.ActiveCfg = Release|Any CPU
		{06B4C765-AFAB-4EFF-A2D9-5D3476AE1274}.Release|Any CPU.Build.0 = Release|Any CPU
		{01938A7A-980B-4E0E-A1D6-EC015E99FC0D}.Debug|Any CPU.ActiveCfg = Debug|Any CPU
		{01938A7A-980B-4E0E-A1D6-EC015E99FC0D}.Debug|Any CPU.Build.0 = Debug|Any CPU
		{01938A7A-980B-4E0E-A1D6-EC015E99FC0D}.Release|Any CPU.ActiveCfg = Release|Any CPU
		{01938A7A-980B-4E0E-A1D6-EC015E99FC0D}.Release|Any CPU.Build.0 = Release|Any CPU
		{7364226E-E9FD-44DF-884F-A15DEC0A182A}.Debug|Any CPU.ActiveCfg = Debug|Any CPU
		{7364226E-E9FD-44DF-884F-A15DEC0A182A}.Debug|Any CPU.Build.0 = Debug|Any CPU
		{7364226E-E9FD-44DF-884F-A15DEC0A182A}.Release|Any CPU.ActiveCfg = Release|Any CPU
		{7364226E-E9FD-44DF-884F-A15DEC0A182A}.Release|Any CPU.Build.0 = Release|Any CPU
		{705EF185-DB7E-42D1-B42C-48E74FCF9A94}.Debug|Any CPU.ActiveCfg = Debug|Any CPU
		{705EF185-DB7E-42D1-B42C-48E74FCF9A94}.Debug|Any CPU.Build.0 = Debug|Any CPU
		{705EF185-DB7E-42D1-B42C-48E74FCF9A94}.Release|Any CPU.ActiveCfg = Release|Any CPU
		{705EF185-DB7E-42D1-B42C-48E74FCF9A94}.Release|Any CPU.Build.0 = Release|Any CPU
		{32CA78B2-1670-476E-BC30-56F0A61072D0}.Debug|Any CPU.ActiveCfg = Debug|Any CPU
		{32CA78B2-1670-476E-BC30-56F0A61072D0}.Debug|Any CPU.Build.0 = Debug|Any CPU
		{32CA78B2-1670-476E-BC30-56F0A61072D0}.Release|Any CPU.ActiveCfg = Release|Any CPU
		{32CA78B2-1670-476E-BC30-56F0A61072D0}.Release|Any CPU.Build.0 = Release|Any CPU
		{E70E9606-19FE-4FF9-9EA6-8459ED56DEF9}.Debug|Any CPU.ActiveCfg = Debug|Any CPU
		{E70E9606-19FE-4FF9-9EA6-8459ED56DEF9}.Debug|Any CPU.Build.0 = Debug|Any CPU
		{E70E9606-19FE-4FF9-9EA6-8459ED56DEF9}.Release|Any CPU.ActiveCfg = Release|Any CPU
		{E70E9606-19FE-4FF9-9EA6-8459ED56DEF9}.Release|Any CPU.Build.0 = Release|Any CPU
		{284BB86A-6260-4F50-B772-9EC8BFD02E3A}.Debug|Any CPU.ActiveCfg = Debug|Any CPU
		{284BB86A-6260-4F50-B772-9EC8BFD02E3A}.Debug|Any CPU.Build.0 = Debug|Any CPU
		{284BB86A-6260-4F50-B772-9EC8BFD02E3A}.Release|Any CPU.ActiveCfg = Release|Any CPU
		{284BB86A-6260-4F50-B772-9EC8BFD02E3A}.Release|Any CPU.Build.0 = Release|Any CPU
		{27603628-C851-470C-AC59-2D609DF2E269}.Debug|Any CPU.ActiveCfg = Debug|Any CPU
		{27603628-C851-470C-AC59-2D609DF2E269}.Debug|Any CPU.Build.0 = Debug|Any CPU
		{27603628-C851-470C-AC59-2D609DF2E269}.Release|Any CPU.ActiveCfg = Release|Any CPU
		{27603628-C851-470C-AC59-2D609DF2E269}.Release|Any CPU.Build.0 = Release|Any CPU
		{EE5A7FF7-FE5E-4B7A-8C75-F9F6FC05A4DF}.Debug|Any CPU.ActiveCfg = Debug|Any CPU
		{EE5A7FF7-FE5E-4B7A-8C75-F9F6FC05A4DF}.Debug|Any CPU.Build.0 = Debug|Any CPU
		{EE5A7FF7-FE5E-4B7A-8C75-F9F6FC05A4DF}.Release|Any CPU.ActiveCfg = Release|Any CPU
		{EE5A7FF7-FE5E-4B7A-8C75-F9F6FC05A4DF}.Release|Any CPU.Build.0 = Release|Any CPU
		{C506EA45-D485-45F2-A56F-07769FE7BCB7}.Debug|Any CPU.ActiveCfg = Debug|Any CPU
		{C506EA45-D485-45F2-A56F-07769FE7BCB7}.Debug|Any CPU.Build.0 = Debug|Any CPU
		{C506EA45-D485-45F2-A56F-07769FE7BCB7}.Release|Any CPU.ActiveCfg = Release|Any CPU
		{C506EA45-D485-45F2-A56F-07769FE7BCB7}.Release|Any CPU.Build.0 = Release|Any CPU
		{0B53FEA0-9284-44A8-952E-BD690C9BF2E4}.Debug|Any CPU.ActiveCfg = Debug|Any CPU
		{0B53FEA0-9284-44A8-952E-BD690C9BF2E4}.Debug|Any CPU.Build.0 = Debug|Any CPU
		{0B53FEA0-9284-44A8-952E-BD690C9BF2E4}.Release|Any CPU.ActiveCfg = Release|Any CPU
		{0B53FEA0-9284-44A8-952E-BD690C9BF2E4}.Release|Any CPU.Build.0 = Release|Any CPU
		{1D82F2A1-2397-4531-B703-453EBC01CFC8}.Debug|Any CPU.ActiveCfg = Debug|Any CPU
		{1D82F2A1-2397-4531-B703-453EBC01CFC8}.Debug|Any CPU.Build.0 = Debug|Any CPU
		{1D82F2A1-2397-4531-B703-453EBC01CFC8}.Release|Any CPU.ActiveCfg = Release|Any CPU
		{1D82F2A1-2397-4531-B703-453EBC01CFC8}.Release|Any CPU.Build.0 = Release|Any CPU
		{328DA88E-D8B6-4047-AE28-07905CE9B945}.Debug|Any CPU.ActiveCfg = Debug|Any CPU
		{328DA88E-D8B6-4047-AE28-07905CE9B945}.Debug|Any CPU.Build.0 = Debug|Any CPU
		{328DA88E-D8B6-4047-AE28-07905CE9B945}.Release|Any CPU.ActiveCfg = Release|Any CPU
		{328DA88E-D8B6-4047-AE28-07905CE9B945}.Release|Any CPU.Build.0 = Release|Any CPU
		{23128087-EF84-4144-B2C7-3635CBDA5199}.Debug|Any CPU.ActiveCfg = Debug|Any CPU
		{23128087-EF84-4144-B2C7-3635CBDA5199}.Debug|Any CPU.Build.0 = Debug|Any CPU
		{23128087-EF84-4144-B2C7-3635CBDA5199}.Release|Any CPU.ActiveCfg = Release|Any CPU
		{23128087-EF84-4144-B2C7-3635CBDA5199}.Release|Any CPU.Build.0 = Release|Any CPU
		{84992F8D-5CBD-4662-BBA4-E09F4EABE3DE}.Debug|Any CPU.ActiveCfg = Debug|Any CPU
		{84992F8D-5CBD-4662-BBA4-E09F4EABE3DE}.Debug|Any CPU.Build.0 = Debug|Any CPU
		{84992F8D-5CBD-4662-BBA4-E09F4EABE3DE}.Release|Any CPU.ActiveCfg = Release|Any CPU
		{84992F8D-5CBD-4662-BBA4-E09F4EABE3DE}.Release|Any CPU.Build.0 = Release|Any CPU
		{A3229FA7-CD61-4454-862D-8D4D7866D11A}.Debug|Any CPU.ActiveCfg = Debug|Any CPU
		{A3229FA7-CD61-4454-862D-8D4D7866D11A}.Debug|Any CPU.Build.0 = Debug|Any CPU
		{A3229FA7-CD61-4454-862D-8D4D7866D11A}.Release|Any CPU.ActiveCfg = Release|Any CPU
		{A3229FA7-CD61-4454-862D-8D4D7866D11A}.Release|Any CPU.Build.0 = Release|Any CPU
		{7712CB26-4FC8-40C7-A5DD-166A24BF941E}.Debug|Any CPU.ActiveCfg = Debug|Any CPU
		{7712CB26-4FC8-40C7-A5DD-166A24BF941E}.Debug|Any CPU.Build.0 = Debug|Any CPU
		{7712CB26-4FC8-40C7-A5DD-166A24BF941E}.Release|Any CPU.ActiveCfg = Release|Any CPU
		{7712CB26-4FC8-40C7-A5DD-166A24BF941E}.Release|Any CPU.Build.0 = Release|Any CPU
		{37D322A3-8A40-42AC-8EDA-0CE6ADD00289}.Debug|Any CPU.ActiveCfg = Debug|Any CPU
		{37D322A3-8A40-42AC-8EDA-0CE6ADD00289}.Debug|Any CPU.Build.0 = Debug|Any CPU
		{37D322A3-8A40-42AC-8EDA-0CE6ADD00289}.Release|Any CPU.ActiveCfg = Release|Any CPU
		{37D322A3-8A40-42AC-8EDA-0CE6ADD00289}.Release|Any CPU.Build.0 = Release|Any CPU
		{B61A9175-DC8A-44A5-BEA6-FB5329F91EBD}.Debug|Any CPU.ActiveCfg = Debug|Any CPU
		{B61A9175-DC8A-44A5-BEA6-FB5329F91EBD}.Debug|Any CPU.Build.0 = Debug|Any CPU
		{B61A9175-DC8A-44A5-BEA6-FB5329F91EBD}.Release|Any CPU.ActiveCfg = Release|Any CPU
		{B61A9175-DC8A-44A5-BEA6-FB5329F91EBD}.Release|Any CPU.Build.0 = Release|Any CPU
	EndGlobalSection
	GlobalSection(SolutionProperties) = preSolution
		HideSolutionNode = FALSE
	EndGlobalSection
	GlobalSection(NestedProjects) = preSolution
		{A6D88576-B700-426F-BB42-07992077245F} = {02EA681E-C7D8-13C7-8484-4AC65E1B71E8}
		{C6A4BE2C-6B72-4FCF-A079-77B3987BA7D4} = {02EA681E-C7D8-13C7-8484-4AC65E1B71E8}
		{839E5BF1-973F-4F95-8053-2DBF4F518BFD} = {02EA681E-C7D8-13C7-8484-4AC65E1B71E8}
		{6B8CDA5F-5DDA-40FB-B1C9-9198C529B7A0} = {A8DD1498-5102-467C-BD3C-E8018E7AB1DC}
		{ADA87592-0915-453E-AE0D-80241075C312} = {A8DD1498-5102-467C-BD3C-E8018E7AB1DC}
		{06B4C765-AFAB-4EFF-A2D9-5D3476AE1274} = {A8DD1498-5102-467C-BD3C-E8018E7AB1DC}
		{01938A7A-980B-4E0E-A1D6-EC015E99FC0D} = {20B8C641-80F1-4218-822E-CFB39E8CC971}
		{7364226E-E9FD-44DF-884F-A15DEC0A182A} = {20B8C641-80F1-4218-822E-CFB39E8CC971}
		{705EF185-DB7E-42D1-B42C-48E74FCF9A94} = {20B8C641-80F1-4218-822E-CFB39E8CC971}
		{32CA78B2-1670-476E-BC30-56F0A61072D0} = {EE0D11BE-A983-4CF2-8183-2E6BB6F7E928}
		{E70E9606-19FE-4FF9-9EA6-8459ED56DEF9} = {EE0D11BE-A983-4CF2-8183-2E6BB6F7E928}
		{284BB86A-6260-4F50-B772-9EC8BFD02E3A} = {EE0D11BE-A983-4CF2-8183-2E6BB6F7E928}
		{27603628-C851-470C-AC59-2D609DF2E269} = {3E72C421-0526-4B88-9734-B64E68908F7A}
		{EE5A7FF7-FE5E-4B7A-8C75-F9F6FC05A4DF} = {3E72C421-0526-4B88-9734-B64E68908F7A}
		{C506EA45-D485-45F2-A56F-07769FE7BCB7} = {3E72C421-0526-4B88-9734-B64E68908F7A}
		{0B53FEA0-9284-44A8-952E-BD690C9BF2E4} = {0797F7FF-3253-40C3-9EE0-D9F9BD08105B}
		{1D82F2A1-2397-4531-B703-453EBC01CFC8} = {0797F7FF-3253-40C3-9EE0-D9F9BD08105B}
		{328DA88E-D8B6-4047-AE28-07905CE9B945} = {0797F7FF-3253-40C3-9EE0-D9F9BD08105B}
		{23128087-EF84-4144-B2C7-3635CBDA5199} = {88A48047-8638-4FC2-B522-B7198A16BC0B}
		{84992F8D-5CBD-4662-BBA4-E09F4EABE3DE} = {88A48047-8638-4FC2-B522-B7198A16BC0B}
		{A3229FA7-CD61-4454-862D-8D4D7866D11A} = {88A48047-8638-4FC2-B522-B7198A16BC0B}
		{7712CB26-4FC8-40C7-A5DD-166A24BF941E} = {5BA4504C-DC57-4A52-BA0C-E88FD35ED656}
		{37D322A3-8A40-42AC-8EDA-0CE6ADD00289} = {5BA4504C-DC57-4A52-BA0C-E88FD35ED656}
		{B61A9175-DC8A-44A5-BEA6-FB5329F91EBD} = {5BA4504C-DC57-4A52-BA0C-E88FD35ED656}
	EndGlobalSection
	GlobalSection(ExtensibilityGlobals) = postSolution
		SolutionGuid = {30012858-34B1-4759-A5C5-CBBD3BCCA0CA}
	EndGlobalSection
EndGlobal
